
Microsoft Visual Studio Solution File, Format Version 12.00
# Visual Studio 2012
Project("{FAE04EC0-301F-11D3-BF4B-00C04F79EFBC}") = "MiniMVC", "MiniMVC\MiniMVC.csproj", "{BDFDD553-E5E3-46A7-94C5-3C507510FEE6}"
EndProject
Project("{FAE04EC0-301F-11D3-BF4B-00C04F79EFBC}") = "MiniMVC.Tests", "MiniMVC.Tests\MiniMVC.Tests.csproj", "{F32AC745-1813-4998-8C57-DF5D36AE59E5}"
EndProject
Project("{F184B08F-C81C-45F6-A57F-5ABD9991F28F}") = "SampleApp", "SampleApp\SampleApp.vbproj", "{F2AC5784-361F-4322-A715-A41D5C216CB3}"
EndProject
Global
	GlobalSection(SolutionConfigurationPlatforms) = preSolution
		Debug|Any CPU = Debug|Any CPU
		Release|Any CPU = Release|Any CPU
	EndGlobalSection
	GlobalSection(ProjectConfigurationPlatforms) = postSolution
		{BDFDD553-E5E3-46A7-94C5-3C507510FEE6}.Debug|Any CPU.ActiveCfg = Debug|Any CPU
		{BDFDD553-E5E3-46A7-94C5-3C507510FEE6}.Debug|Any CPU.Build.0 = Debug|Any CPU
		{BDFDD553-E5E3-46A7-94C5-3C507510FEE6}.Release|Any CPU.ActiveCfg = Release|Any CPU
		{BDFDD553-E5E3-46A7-94C5-3C507510FEE6}.Release|Any CPU.Build.0 = Release|Any CPU
		{F32AC745-1813-4998-8C57-DF5D36AE59E5}.Debug|Any CPU.ActiveCfg = Debug|Any CPU
		{F32AC745-1813-4998-8C57-DF5D36AE59E5}.Debug|Any CPU.Build.0 = Debug|Any CPU
		{F32AC745-1813-4998-8C57-DF5D36AE59E5}.Release|Any CPU.ActiveCfg = Release|Any CPU
		{F32AC745-1813-4998-8C57-DF5D36AE59E5}.Release|Any CPU.Build.0 = Release|Any CPU
		{F2AC5784-361F-4322-A715-A41D5C216CB3}.Debug|Any CPU.ActiveCfg = Debug|Any CPU
		{F2AC5784-361F-4322-A715-A41D5C216CB3}.Debug|Any CPU.Build.0 = Debug|Any CPU
		{F2AC5784-361F-4322-A715-A41D5C216CB3}.Release|Any CPU.ActiveCfg = Release|Any CPU
		{F2AC5784-361F-4322-A715-A41D5C216CB3}.Release|Any CPU.Build.0 = Release|Any CPU
	EndGlobalSection
	GlobalSection(SolutionProperties) = preSolution
		HideSolutionNode = FALSE
	EndGlobalSection
EndGlobal
